<Solution>
  <Project Path="src/AppointmentScheduler.Api/AppointmentScheduler.Api.csproj" />
  <Project Path="src/AppointmentScheduler.Application/AppointmentScheduler.Application.csproj" />
  <Project Path="src/AppointmentScheduler.Domain/AppointmentScheduler.Domain.csproj" />
  <Project Path="src/AppointmentScheduler.Infrastructure/AppointmentScheduler.Infrastructure.csproj" />
  <Project Path="tests/AppointmentScheduler.Tests/AppointmentScheduler.Tests.csproj" />
</Solution>
